// !$*UTF8*$!
{
	archiveVersion = 1;
	classes = {
	};
	objectVersion = 55;
	objects = {

/* Begin PBXBuildFile section */
		6F039E186B96714F925A28EF /* TishAudio.icns in Resources */ = {isa = PBXBuildFile; fileRef = 8292454D044D653115C04760 /* TishAudio.icns */; };
		FE732A1C532021DF9E07C0E9 /* TishAudio.c in Sources */ = {isa = PBXBuildFile; fileRef = EC4B56401CB349A55770BFBA /* TishAudio.c */; };
/* End PBXBuildFile section */

/* Begin PBXCopyFilesBuildPhase section */
		A6D95C46514FF6C5BED24F6C /* Embed Frameworks */ = {
			isa = PBXCopyFilesBuildPhase;
			buildActionMask = 2147483647;
			dstPath = "";
			dstSubfolderSpec = 10;
			files = (
			);
			name = "Embed Frameworks";
			runOnlyForDeploymentPostprocessing = 0;
		};
/* End PBXCopyFilesBuildPhase section */

/* Begin PBXFileReference section */
		33FC0AD4A0E732B8D1A4DD0A /* TishAudio-Info.plist */ = {isa = PBXFileReference; lastKnownFileType = text.plist; path = "TishAudio-Info.plist"; sourceTree = "<group>"; };
		8292454D044D653115C04760 /* TishAudio.icns */ = {isa = PBXFileReference; lastKnownFileType = image.icns; path = TishAudio.icns; sourceTree = "<group>"; };
		EC4B56401CB349A55770BFBA /* TishAudio.c */ = {isa = PBXFileReference; lastKnownFileType = sourcecode.c.c; path = TishAudio.c; sourceTree = "<group>"; };
		F84A10247F8DC59619F2C297 /* TishAudio.bundle */ = {isa = PBXFileReference; explicitFileType = wrapper.cfbundle; includeInIndex = 0; path = TishAudio.bundle; sourceTree = BUILT_PRODUCTS_DIR; };
/* End PBXFileReference section */

/* Begin PBXFrameworksBuildPhase section */
		4F49AC09DF19E1392D917501 /* Frameworks */ = {
			isa = PBXFrameworksBuildPhase;
			buildActionMask = 2147483647;
			files = (
			);
			runOnlyForDeploymentPostprocessing = 0;
		};
/* End PBXFrameworksBuildPhase section */

/* Begin PBXGroup section */
		0FF611EB35513B7CB6F07E80 /* TishAudio */ = {
			isa = PBXGroup;
			children = (
				EC4B56401CB349A55770BFBA /* TishAudio.c */,
				8292454D044D653115C04760 /* TishAudio.icns */,
			);
			path = TishAudio;
			sourceTree = "<group>";
		};
		55B721B348A8EBB1FDEEAE4B /* Derived */ = {
			isa = PBXGroup;
			children = (
				87FCFA91B5D33948565510E4 /* InfoPlists */,
			);
			path = Derived;
			sourceTree = "<group>";
		};
		73D862F3EC701857DBA46EC5 = {
			isa = PBXGroup;
			children = (
				D085C15F71BF59D02E118894 /* Products */,
				7BDE25A628609D2F800E3A27 /* Project */,
			);
			sourceTree = "<group>";
		};
		7BDE25A628609D2F800E3A27 /* Project */ = {
			isa = PBXGroup;
			children = (
				55B721B348A8EBB1FDEEAE4B /* Derived */,
				E4AFB525A54DFF7662A7216E /* Sources */,
			);
			name = Project;
			sourceTree = "<group>";
		};
		87FCFA91B5D33948565510E4 /* InfoPlists */ = {
			isa = PBXGroup;
			children = (
				33FC0AD4A0E732B8D1A4DD0A /* TishAudio-Info.plist */,
			);
			path = InfoPlists;
			sourceTree = "<group>";
		};
		D085C15F71BF59D02E118894 /* Products */ = {
			isa = PBXGroup;
			children = (
				F84A10247F8DC59619F2C297 /* TishAudio.bundle */,
			);
			name = Products;
			sourceTree = "<group>";
		};
		E4AFB525A54DFF7662A7216E /* Sources */ = {
			isa = PBXGroup;
			children = (
				0FF611EB35513B7CB6F07E80 /* TishAudio */,
			);
			path = Sources;
			sourceTree = "<group>";
		};
/* End PBXGroup section */

/* Begin PBXNativeTarget section */
		BE9E8820C20DEF892BCEF7EC /* TishAudio */ = {
			isa = PBXNativeTarget;
			buildConfigurationList = 402D714973FAB4D92459DCEA /* Build configuration list for PBXNativeTarget "TishAudio" */;
			buildPhases = (
				E0C7E6D7618849B6F9BE1DA7 /* Sources */,
				761DA62974373D3448A4135B /* Resources */,
				4F49AC09DF19E1392D917501 /* Frameworks */,
				A6D95C46514FF6C5BED24F6C /* Embed Frameworks */,
			);
			buildRules = (
			);
			dependencies = (
			);
			name = TishAudio;
			packageProductDependencies = (
			);
			productName = TishAudio;
			productReference = F84A10247F8DC59619F2C297 /* TishAudio.bundle */;
			productType = "com.apple.product-type.bundle";
		};
/* End PBXNativeTarget section */

/* Begin PBXProject section */
		76D0AEAE442C377A4EDA0BA4 /* Project object */ = {
			isa = PBXProject;
			attributes = {
				BuildIndependentTargetsInParallel = YES;
				ORGANIZATIONNAME = Beshkenadze;
				TargetAttributes = {
				};
			};
			buildConfigurationList = BE85707F7BA69CCB5303C1A0 /* Build configuration list for PBXProject "TishAudio" */;
			compatibilityVersion = "Xcode 14.0";
			developmentRegion = en;
			hasScannedForEncodings = 0;
			knownRegions = (
				Base,
				en,
			);
			mainGroup = 73D862F3EC701857DBA46EC5;
			productRefGroup = D085C15F71BF59D02E118894 /* Products */;
			projectDirPath = "";
			projectRoot = "";
			targets = (
				BE9E8820C20DEF892BCEF7EC /* TishAudio */,
			);
		};
/* End PBXProject section */

/* Begin PBXResourcesBuildPhase section */
		761DA62974373D3448A4135B /* Resources */ = {
			isa = PBXResourcesBuildPhase;
			buildActionMask = 2147483647;
			files = (
				6F039E186B96714F925A28EF /* TishAudio.icns in Resources */,
			);
			runOnlyForDeploymentPostprocessing = 0;
		};
/* End PBXResourcesBuildPhase section */

/* Begin PBXSourcesBuildPhase section */
		E0C7E6D7618849B6F9BE1DA7 /* Sources */ = {
			isa = PBXSourcesBuildPhase;
			buildActionMask = 2147483647;
			files = (
				FE732A1C532021DF9E07C0E9 /* TishAudio.c in Sources */,
			);
			runOnlyForDeploymentPostprocessing = 0;
		};
/* End PBXSourcesBuildPhase section */

/* Begin XCBuildConfiguration section */
		235CAF15838C8F7513E53269 /* Release */ = {
			isa = XCBuildConfiguration;
			buildSettings = {
				CLANG_ENABLE_MODULES = YES;
				CODE_SIGN_IDENTITY = "Apple Development";
				CODE_SIGN_STYLE = Automatic;
				DEVELOPMENT_TEAM = Q8H6GWJ658;
				ENABLE_HARDENED_RUNTIME = YES;
				GCC_C_LANGUAGE_STANDARD = gnu11;
				INFOPLIST_FILE = "Derived/InfoPlists/TishAudio-Info.plist";
				MACOSX_DEPLOYMENT_TARGET = 10.13;
				PRODUCT_BUNDLE_IDENTIFIER = app.beshkenadze.driver.TishAudio;
				PRODUCT_NAME = TishAudio;
				SDKROOT = macosx;
				SWIFT_COMPILATION_MODE = wholemodule;
				SWIFT_OPTIMIZATION_LEVEL = "-O";
				SWIFT_VERSION = 5.0;
				WRAPPER_EXTENSION = driver;
			};
			name = Release;
		};
		666247CCD5E833E54965A8E8 /* Release */ = {
			isa = XCBuildConfiguration;
			buildSettings = {
				ALWAYS_SEARCH_USER_PATHS = NO;
				CLANG_ANALYZER_LOCALIZABILITY_NONLOCALIZED = YES;
				CLANG_ANALYZER_NONNULL = YES;
				CLANG_ANALYZER_NUMBER_OBJECT_CONVERSION = YES_AGGRESSIVE;
				CLANG_CXX_LANGUAGE_STANDARD = "gnu++14";
				CLANG_CXX_LIBRARY = "libc++";
				CLANG_ENABLE_MODULES = YES;
				CLANG_ENABLE_OBJC_ARC = YES;
				CLANG_ENABLE_OBJC_WEAK = YES;
				CLANG_WARN_BLOCK_CAPTURE_AUTORELEASING = YES;
				CLANG_WARN_BOOL_CONVERSION = YES;
				CLANG_WARN_COMMA = YES;
				CLANG_WARN_CONSTANT_CONVERSION = YES;
				CLANG_WARN_DEPRECATED_OBJC_IMPLEMENTATIONS = YES;
				CLANG_WARN_DIRECT_OBJC_ISA_USAGE = YES_ERROR;
				CLANG_WARN_DOCUMENTATION_COMMENTS = YES;
				CLANG_WARN_EMPTY_BODY = YES;
				CLANG_WARN_ENUM_CONVERSION = YES;
				CLANG_WARN_INFINITE_RECURSION = YES;
				CLANG_WARN_INT_CONVERSION = YES;
				CLANG_WARN_NON_LITERAL_NULL_CONVERSION = YES;
				CLANG_WARN_OBJC_IMPLICIT_RETAIN_SELF = YES;
				CLANG_WARN_OBJC_LITERAL_CONVERSION = YES;
				CLANG_WARN_OBJC_ROOT_CLASS = YES_ERROR;
				CLANG_WARN_QUOTED_INCLUDE_IN_FRAMEWORK_HEADER = YES;
				CLANG_WARN_RANGE_LOOP_ANALYSIS = YES;
				CLANG_WARN_STRICT_PROTOTYPES = YES;
				CLANG_WARN_SUSPICIOUS_MOVE = YES;
				CLANG_WARN_UNGUARDED_AVAILABILITY = YES_AGGRESSIVE;
				CLANG_WARN_UNREACHABLE_CODE = YES;
				CLANG_WARN__DUPLICATE_METHOD_MATCH = YES;
				COPY_PHASE_STRIP = NO;
				DEAD_CODE_STRIPPING = YES;
				DEBUG_INFORMATION_FORMAT = "dwarf-with-dsym";
				ENABLE_NS_ASSERTIONS = NO;
				ENABLE_STRICT_OBJC_MSGSEND = YES;
				GCC_C_LANGUAGE_STANDARD = gnu11;
				GCC_NO_COMMON_BLOCKS = YES;
				GCC_WARN_64_TO_32_BIT_CONVERSION = YES;
				GCC_WARN_ABOUT_RETURN_TYPE = YES_ERROR;
				GCC_WARN_UNDECLARED_SELECTOR = YES;
				GCC_WARN_UNINITIALIZED_AUTOS = YES_AGGRESSIVE;
				GCC_WARN_UNUSED_FUNCTION = YES;
				GCC_WARN_UNUSED_VARIABLE = YES;
				MTL_ENABLE_DEBUG_INFO = NO;
				PRODUCT_NAME = "$(TARGET_NAME)";
				VALIDATE_PRODUCT = YES;
			};
			name = Release;
		};
		E63598229F60225AA3A94689 /* Debug */ = {
			isa = XCBuildConfiguration;
			buildSettings = {
				ALWAYS_SEARCH_USER_PATHS = NO;
				CLANG_ANALYZER_LOCALIZABILITY_NONLOCALIZED = YES;
				CLANG_ANALYZER_NONNULL = YES;
				CLANG_ANALYZER_NUMBER_OBJECT_CONVERSION = YES_AGGRESSIVE;
				CLANG_CXX_LANGUAGE_STANDARD = "gnu++14";
				CLANG_CXX_LIBRARY = "libc++";
				CLANG_ENABLE_MODULES = YES;
				CLANG_ENABLE_OBJC_ARC = YES;
				CLANG_ENABLE_OBJC_WEAK = YES;
				CLANG_WARN_BLOCK_CAPTURE_AUTORELEASING = YES;
				CLANG_WARN_BOOL_CONVERSION = YES;
				CLANG_WARN_COMMA = YES;
				CLANG_WARN_CONSTANT_CONVERSION = YES;
				CLANG_WARN_DEPRECATED_OBJC_IMPLEMENTATIONS = YES;
				CLANG_WARN_DIRECT_OBJC_ISA_USAGE = YES_ERROR;
				CLANG_WARN_DOCUMENTATION_COMMENTS = YES;
				CLANG_WARN_EMPTY_BODY = YES;
				CLANG_WARN_ENUM_CONVERSION = YES;
				CLANG_WARN_INFINITE_RECURSION = YES;
				CLANG_WARN_INT_CONVERSION = YES;
				CLANG_WARN_NON_LITERAL_NULL_CONVERSION = YES;
				CLANG_WARN_OBJC_IMPLICIT_RETAIN_SELF = YES;
				CLANG_WARN_OBJC_LITERAL_CONVERSION = YES;
				CLANG_WARN_OBJC_ROOT_CLASS = YES_ERROR;
				CLANG_WARN_QUOTED_INCLUDE_IN_FRAMEWORK_HEADER = YES;
				CLANG_WARN_RANGE_LOOP_ANALYSIS = YES;
				CLANG_WARN_STRICT_PROTOTYPES = YES;
				CLANG_WARN_SUSPICIOUS_MOVE = YES;
				CLANG_WARN_UNGUARDED_AVAILABILITY = YES_AGGRESSIVE;
				CLANG_WARN_UNREACHABLE_CODE = YES;
				CLANG_WARN__DUPLICATE_METHOD_MATCH = YES;
				COPY_PHASE_STRIP = NO;
				DEAD_CODE_STRIPPING = YES;
				DEBUG_INFORMATION_FORMAT = dwarf;
				ENABLE_STRICT_OBJC_MSGSEND = YES;
				ENABLE_TESTABILITY = YES;
				GCC_C_LANGUAGE_STANDARD = gnu11;
				GCC_DYNAMIC_NO_PIC = NO;
				GCC_NO_COMMON_BLOCKS = YES;
				GCC_OPTIMIZATION_LEVEL = 0;
				GCC_PREPROCESSOR_DEFINITIONS = (
					"DEBUG=1",
					"$(inherited)",
				);
				GCC_WARN_64_TO_32_BIT_CONVERSION = YES;
				GCC_WARN_ABOUT_RETURN_TYPE = YES_ERROR;
				GCC_WARN_UNDECLARED_SELECTOR = YES;
				GCC_WARN_UNINITIALIZED_AUTOS = YES_AGGRESSIVE;
				GCC_WARN_UNUSED_FUNCTION = YES;
				GCC_WARN_UNUSED_VARIABLE = YES;
				MTL_ENABLE_DEBUG_INFO = YES;
				ONLY_ACTIVE_ARCH = YES;
				PRODUCT_NAME = "$(TARGET_NAME)";
			};
			name = Debug;
		};
		F788D5E0F700C42A827FF2B0 /* Debug */ = {
			isa = XCBuildConfiguration;
			buildSettings = {
				CLANG_ENABLE_MODULES = YES;
				CODE_SIGN_IDENTITY = "Apple Development";
				CODE_SIGN_STYLE = Automatic;
				DEVELOPMENT_TEAM = Q8H6GWJ658;
				ENABLE_HARDENED_RUNTIME = YES;
				GCC_C_LANGUAGE_STANDARD = gnu11;
				INFOPLIST_FILE = "Derived/InfoPlists/TishAudio-Info.plist";
				MACOSX_DEPLOYMENT_TARGET = 10.13;
				PRODUCT_BUNDLE_IDENTIFIER = app.beshkenadze.driver.TishAudio;
				PRODUCT_NAME = TishAudio;
				SDKROOT = macosx;
				SWIFT_ACTIVE_COMPILATION_CONDITIONS = (
					"$(inherited)",
					DEBUG,
				);
				SWIFT_COMPILATION_MODE = singlefile;
				SWIFT_OPTIMIZATION_LEVEL = "-Onone";
				SWIFT_VERSION = 5.0;
				WRAPPER_EXTENSION = driver;
			};
			name = Debug;
		};
/* End XCBuildConfiguration section */

/* Begin XCConfigurationList section */
		402D714973FAB4D92459DCEA /* Build configuration list for PBXNativeTarget "TishAudio" */ = {
			isa = XCConfigurationList;
			buildConfigurations = (
				F788D5E0F700C42A827FF2B0 /* Debug */,
				235CAF15838C8F7513E53269 /* Release */,
			);
			defaultConfigurationIsVisible = 0;
			defaultConfigurationName = Release;
		};
		BE85707F7BA69CCB5303C1A0 /* Build configuration list for PBXProject "TishAudio" */ = {
			isa = XCConfigurationList;
			buildConfigurations = (
				E63598229F60225AA3A94689 /* Debug */,
				666247CCD5E833E54965A8E8 /* Release */,
			);
			defaultConfigurationIsVisible = 0;
			defaultConfigurationName = Release;
		};
/* End XCConfigurationList section */
	};
	rootObject = 76D0AEAE442C377A4EDA0BA4 /* Project object */;
}
